schema: '2.0'
stages:
  split:
    cmd: python src/data/data_split.py
    deps:
    - path: https://datascientest-mlops.s3.eu-west-1.amazonaws.com/mlops_dvc_fr/raw.csv
      hash: md5
      checksum: '"617b56af2992376d5c3e91ad80823898"'
      size: 333757
    - path: params.yaml
      hash: md5
      md5: 13b05a62b87dced983993b7d6c9042fd
      size: 1072
    - path: src/data/data_split.py
      hash: md5
      md5: b9bb3f87a8231f03d0393ed34cfee093
      size: 3629
    - path: src/data/import_raw_data.py
      hash: md5
      md5: 7d2004dcb028c8819e62e606389684bd
      size: 1985
    outs:
    - path: data/processed//X_test.csv
      hash: md5
      md5: d3be1be617366bc81a9254f075039b51
      size: 78770
    - path: data/processed//X_train.csv
      hash: md5
      md5: 38e9f56c92d20ee33257e3918c901e7e
      size: 183322
    - path: data/processed//y_test.csv
      hash: md5
      md5: e064ea83fe860a49b9e9cfab1e8ec5a7
      size: 9697
    - path: data/processed//y_train.csv
      hash: md5
      md5: 4f1097f0b9053f0a94904c047541877f
      size: 22710
  normalize:
    cmd: python src/data/normalize.py
    deps:
    - path: data/processed//X_test.csv
      hash: md5
      md5: d3be1be617366bc81a9254f075039b51
      size: 78770
    - path: data/processed//X_train.csv
      hash: md5
      md5: 38e9f56c92d20ee33257e3918c901e7e
      size: 183322
    - path: params.yaml
      hash: md5
      md5: 13b05a62b87dced983993b7d6c9042fd
      size: 1072
    - path: src/data/normalize.py
      hash: md5
      md5: c974c85a9e71f18c8f6bdd9ec0da92f6
      size: 1305
    outs:
    - path: data/processed//X_test_scaled.csv
      hash: md5
      md5: 306bd5551feb5a1852b9969b57e740a8
      size: 85437
    - path: data/processed//X_train_scaled.csv
      hash: md5
      md5: 41c0d8ca5d92b44b00b18db4d7d6db9d
      size: 198675
  gridSearch:
    cmd: python src/models/grid_search.py
    deps:
    - path: data/processed//X_train_scaled.csv
      hash: md5
      md5: 41c0d8ca5d92b44b00b18db4d7d6db9d
      size: 198675
    - path: data/processed//y_train.csv
      hash: md5
      md5: 4f1097f0b9053f0a94904c047541877f
      size: 22710
    - path: params.yaml
      hash: md5
      md5: 13b05a62b87dced983993b7d6c9042fd
      size: 1072
    - path: src/models/grid_search.py
      hash: md5
      md5: 403616f540322badd5e5f7b6f259ec9f
      size: 1685
    outs:
    - path: models/best_params.pkl
      hash: md5
      md5: 44e5d80b2865d3bf50638921a7aa1cda
      size: 49
  training:
    cmd: python src/models/training.py
    deps:
    - path: data/processed//X_train_scaled.csv
      hash: md5
      md5: 41c0d8ca5d92b44b00b18db4d7d6db9d
      size: 198675
    - path: data/processed//y_train.csv
      hash: md5
      md5: 4f1097f0b9053f0a94904c047541877f
      size: 22710
    - path: models/best_params.pkl
      hash: md5
      md5: 44e5d80b2865d3bf50638921a7aa1cda
      size: 49
    - path: params.yaml
      hash: md5
      md5: 13b05a62b87dced983993b7d6c9042fd
      size: 1072
    - path: src/models/training.py
      hash: md5
      md5: 692ed7471b9eb045e42f89b9f974d589
      size: 2048
    outs:
    - path: models/gbr_model.pkl
      hash: md5
      md5: 11ec068e8f5087f8c5cf1c7234af7e76
      size: 56990044
  evaluate:
    cmd: python src/models/evaluate.py
    deps:
    - path: data/processed//X_test_scaled.csv
      hash: md5
      md5: 306bd5551feb5a1852b9969b57e740a8
      size: 85437
    - path: data/processed//y_test.csv
      hash: md5
      md5: e064ea83fe860a49b9e9cfab1e8ec5a7
      size: 9697
    - path: models/best_params.pkl
      hash: md5
      md5: 44e5d80b2865d3bf50638921a7aa1cda
      size: 49
    - path: models/gbr_model.pkl
      hash: md5
      md5: 11ec068e8f5087f8c5cf1c7234af7e76
      size: 56990044
    - path: params.yaml
      hash: md5
      md5: 13b05a62b87dced983993b7d6c9042fd
      size: 1072
    - path: src/models/evaluate.py
      hash: md5
      md5: ad17dfba2152abb7ac02a97895841aa4
      size: 2681
    outs:
    - path: data/predict/prediction.csv
      hash: md5
      md5: 0f416d6dc52e3ba6c8c1d7a1bdefa000
      size: 10159
    - path: metrics/scores.json
      hash: md5
      md5: fb23ed4c668ece7107340470f44f487b
      size: 84
