schema: '2.0'
stages:
  split:
    cmd: python src/data/data_split.py
    deps:
    - path: https://datascientest-mlops.s3.eu-west-1.amazonaws.com/mlops_dvc_fr/raw.csv
      hash: md5
      checksum: '"617b56af2992376d5c3e91ad80823898"'
      size: 333757
    - path: src/data/data_split.py
      hash: md5
      md5: 97e3d099e95f13d15c5a6d1adffd8313
      size: 3462
    - path: src/data/import_raw_data.py
      hash: md5
      md5: 7d2004dcb028c8819e62e606389684bd
      size: 1985
    - path: src/params.yaml
      hash: md5
      md5: 984bc84d9235f558e4f18bb98a245d88
      size: 726
    outs:
    - path: data/processed/X_test.csv
      hash: md5
      md5: d3be1be617366bc81a9254f075039b51
      size: 78770
    - path: data/processed/X_train.csv
      hash: md5
      md5: 38e9f56c92d20ee33257e3918c901e7e
      size: 183322
    - path: data/processed/y_test.csv
      hash: md5
      md5: e064ea83fe860a49b9e9cfab1e8ec5a7
      size: 9697
    - path: data/processed/y_train.csv
      hash: md5
      md5: 4f1097f0b9053f0a94904c047541877f
      size: 22710
