schema: '2.0'
stages:
  split:
    cmd: python src/data/data_split.py
    deps:
    - path: data/raw_data/raw.csv
      hash: md5
      md5: 617b56af2992376d5c3e91ad80823898
      size: 333757
    - path: src/data/data_split.py
      hash: md5
      md5: 15020380d7409599f38f3f27be202399
      size: 3061
    - path: src/params.yaml
      hash: md5
      md5: 49d0d8ff27927e4ebb845c14d75f061a
      size: 614
    outs:
    - path: data/processed/X_test.csv
      hash: md5
      md5: d3be1be617366bc81a9254f075039b51
      size: 78770
    - path: data/processed/X_train.csv
      hash: md5
      md5: 38e9f56c92d20ee33257e3918c901e7e
      size: 183322
    - path: data/processed/y_test.csv
      hash: md5
      md5: e064ea83fe860a49b9e9cfab1e8ec5a7
      size: 9697
    - path: data/processed/y_train.csv
      hash: md5
      md5: 4f1097f0b9053f0a94904c047541877f
      size: 22710
